
Microsoft Visual Studio Solution File, Format Version 12.00
# Visual Studio Version 17
VisualStudioVersion = 17.6.33712.159
MinimumVisualStudioVersion = 10.0.40219.1
Project("{FAE04EC0-301F-11D3-BF4B-00C04F79EFBC}") = "ShortWeb", "ShortWeb\ShortWeb.csproj", "{0A9D56FD-189F-4E80-A853-ADA6B0EB47AA}"
EndProject
Project("{FAE04EC0-301F-11D3-BF4B-00C04F79EFBC}") = "ShortModel", "ShortModel\ShortModel.csproj", "{290AF2DB-1D5F-44A1-91E5-4E0744469DDA}"
EndProject
Project("{FAE04EC0-301F-11D3-BF4B-00C04F79EFBC}") = "ShortDataAccess", "ShortDataAccess\ShortDataAccess.csproj", "{37FCF4E9-4030-41F5-9303-C25F1028A681}"
EndProject
Global
	GlobalSection(SolutionConfigurationPlatforms) = preSolution
		Debug|Any CPU = Debug|Any CPU
		Release|Any CPU = Release|Any CPU
	EndGlobalSection
	GlobalSection(ProjectConfigurationPlatforms) = postSolution
		{0A9D56FD-189F-4E80-A853-ADA6B0EB47AA}.Debug|Any CPU.ActiveCfg = Debug|Any CPU
		{0A9D56FD-189F-4E80-A853-ADA6B0EB47AA}.Debug|Any CPU.Build.0 = Debug|Any CPU
		{0A9D56FD-189F-4E80-A853-ADA6B0EB47AA}.Release|Any CPU.ActiveCfg = Release|Any CPU
		{0A9D56FD-189F-4E80-A853-ADA6B0EB47AA}.Release|Any CPU.Build.0 = Release|Any CPU
		{290AF2DB-1D5F-44A1-91E5-4E0744469DDA}.Debug|Any CPU.ActiveCfg = Debug|Any CPU
		{290AF2DB-1D5F-44A1-91E5-4E0744469DDA}.Debug|Any CPU.Build.0 = Debug|Any CPU
		{290AF2DB-1D5F-44A1-91E5-4E0744469DDA}.Release|Any CPU.ActiveCfg = Release|Any CPU
		{290AF2DB-1D5F-44A1-91E5-4E0744469DDA}.Release|Any CPU.Build.0 = Release|Any CPU
		{37FCF4E9-4030-41F5-9303-C25F1028A681}.Debug|Any CPU.ActiveCfg = Debug|Any CPU
		{37FCF4E9-4030-41F5-9303-C25F1028A681}.Debug|Any CPU.Build.0 = Debug|Any CPU
		{37FCF4E9-4030-41F5-9303-C25F1028A681}.Release|Any CPU.ActiveCfg = Release|Any CPU
		{37FCF4E9-4030-41F5-9303-C25F1028A681}.Release|Any CPU.Build.0 = Release|Any CPU
	EndGlobalSection
	GlobalSection(SolutionProperties) = preSolution
		HideSolutionNode = FALSE
	EndGlobalSection
	GlobalSection(ExtensibilityGlobals) = postSolution
		SolutionGuid = {7FE60F3C-337E-4E4E-B9CC-AAACE701CF0B}
	EndGlobalSection
EndGlobal
